
Microsoft Visual Studio Solution File, Format Version 12.00
# Visual Studio Version 16
VisualStudioVersion = 16.0.30907.101
MinimumVisualStudioVersion = 10.0.40219.1
Project("{FAE04EC0-301F-11D3-BF4B-00C04F79EFBC}") = "CF_consol_01", "CF_consol_01\CF_consol_01.csproj", "{1AC6F503-6E2F-4E9B-9030-11657C620CA6}"
EndProject
Project("{FAE04EC0-301F-11D3-BF4B-00C04F79EFBC}") = "CF_consol_02_gyak", "CF_consol_02_gyak\CF_consol_02_gyak.csproj", "{63F53B1C-3CEA-4794-9D38-13DAB8C1426E}"
EndProject
Project("{FAE04EC0-301F-11D3-BF4B-00C04F79EFBC}") = "DBF_console_01", "DBF_console_01\DBF_console_01.csproj", "{7C4665B2-6D9E-4D44-900C-EE519A827C12}"
EndProject
Project("{FAE04EC0-301F-11D3-BF4B-00C04F79EFBC}") = "DBF_WPF_projekt_01", "DBF_WPF_projekt_01\DBF_WPF_projekt_01.csproj", "{B82CDF0E-09E3-4D66-89F5-02078AC8F369}"
EndProject
Project("{FAE04EC0-301F-11D3-BF4B-00C04F79EFBC}") = "WpfApp gyakorlas DBF entity adat mentese", "WpfApp gyakorlas DBF entity adat mentese\WpfApp gyakorlas DBF entity adat mentese.csproj", "{CBE015CB-6D01-466E-B904-6D877AE25A34}"
EndProject
Global
	GlobalSection(SolutionConfigurationPlatforms) = preSolution
		Debug|Any CPU = Debug|Any CPU
		Release|Any CPU = Release|Any CPU
	EndGlobalSection
	GlobalSection(ProjectConfigurationPlatforms) = postSolution
		{1AC6F503-6E2F-4E9B-9030-11657C620CA6}.Debug|Any CPU.ActiveCfg = Debug|Any CPU
		{1AC6F503-6E2F-4E9B-9030-11657C620CA6}.Debug|Any CPU.Build.0 = Debug|Any CPU
		{1AC6F503-6E2F-4E9B-9030-11657C620CA6}.Release|Any CPU.ActiveCfg = Release|Any CPU
		{1AC6F503-6E2F-4E9B-9030-11657C620CA6}.Release|Any CPU.Build.0 = Release|Any CPU
		{63F53B1C-3CEA-4794-9D38-13DAB8C1426E}.Debug|Any CPU.ActiveCfg = Debug|Any CPU
		{63F53B1C-3CEA-4794-9D38-13DAB8C1426E}.Debug|Any CPU.Build.0 = Debug|Any CPU
		{63F53B1C-3CEA-4794-9D38-13DAB8C1426E}.Release|Any CPU.ActiveCfg = Release|Any CPU
		{63F53B1C-3CEA-4794-9D38-13DAB8C1426E}.Release|Any CPU.Build.0 = Release|Any CPU
		{7C4665B2-6D9E-4D44-900C-EE519A827C12}.Debug|Any CPU.ActiveCfg = Debug|Any CPU
		{7C4665B2-6D9E-4D44-900C-EE519A827C12}.Debug|Any CPU.Build.0 = Debug|Any CPU
		{7C4665B2-6D9E-4D44-900C-EE519A827C12}.Release|Any CPU.ActiveCfg = Release|Any CPU
		{7C4665B2-6D9E-4D44-900C-EE519A827C12}.Release|Any CPU.Build.0 = Release|Any CPU
		{B82CDF0E-09E3-4D66-89F5-02078AC8F369}.Debug|Any CPU.ActiveCfg = Debug|Any CPU
		{B82CDF0E-09E3-4D66-89F5-02078AC8F369}.Debug|Any CPU.Build.0 = Debug|Any CPU
		{B82CDF0E-09E3-4D66-89F5-02078AC8F369}.Release|Any CPU.ActiveCfg = Release|Any CPU
		{B82CDF0E-09E3-4D66-89F5-02078AC8F369}.Release|Any CPU.Build.0 = Release|Any CPU
		{CBE015CB-6D01-466E-B904-6D877AE25A34}.Debug|Any CPU.ActiveCfg = Debug|Any CPU
		{CBE015CB-6D01-466E-B904-6D877AE25A34}.Debug|Any CPU.Build.0 = Debug|Any CPU
		{CBE015CB-6D01-466E-B904-6D877AE25A34}.Release|Any CPU.ActiveCfg = Release|Any CPU
		{CBE015CB-6D01-466E-B904-6D877AE25A34}.Release|Any CPU.Build.0 = Release|Any CPU
	EndGlobalSection
	GlobalSection(SolutionProperties) = preSolution
		HideSolutionNode = FALSE
	EndGlobalSection
	GlobalSection(ExtensibilityGlobals) = postSolution
		SolutionGuid = {EB7F912E-B4C2-478F-8F17-D1AA88722E07}
	EndGlobalSection
EndGlobal
