
Microsoft Visual Studio Solution File, Format Version 12.00
# Visual Studio Version 16
VisualStudioVersion = 16.0.30907.101
MinimumVisualStudioVersion = 10.0.40219.1
Project("{FAE04EC0-301F-11D3-BF4B-00C04F79EFBC}") = "CF_consol_01", "CF_consol_01\CF_consol_01.csproj", "{1AC6F503-6E2F-4E9B-9030-11657C620CA6}"
EndProject
Global
	GlobalSection(SolutionConfigurationPlatforms) = preSolution
		Debug|Any CPU = Debug|Any CPU
		Release|Any CPU = Release|Any CPU
	EndGlobalSection
	GlobalSection(ProjectConfigurationPlatforms) = postSolution
		{1AC6F503-6E2F-4E9B-9030-11657C620CA6}.Debug|Any CPU.ActiveCfg = Debug|Any CPU
		{1AC6F503-6E2F-4E9B-9030-11657C620CA6}.Debug|Any CPU.Build.0 = Debug|Any CPU
		{1AC6F503-6E2F-4E9B-9030-11657C620CA6}.Release|Any CPU.ActiveCfg = Release|Any CPU
		{1AC6F503-6E2F-4E9B-9030-11657C620CA6}.Release|Any CPU.Build.0 = Release|Any CPU
	EndGlobalSection
	GlobalSection(SolutionProperties) = preSolution
		HideSolutionNode = FALSE
	EndGlobalSection
	GlobalSection(ExtensibilityGlobals) = postSolution
		SolutionGuid = {EB7F912E-B4C2-478F-8F17-D1AA88722E07}
	EndGlobalSection
EndGlobal
